
Microsoft Visual Studio Solution File, Format Version 12.00
# Visual Studio Version 16
VisualStudioVersion = 16.0.30523.141
MinimumVisualStudioVersion = 10.0.40219.1
Project("{FAE04EC0-301F-11D3-BF4B-00C04F79EFBC}") = "LabRaces", "LabRaces\LabRaces.csproj", "{8490D82D-FD15-4767-B036-5E4E35C098A8}"
EndProject
Global
	GlobalSection(SolutionConfigurationPlatforms) = preSolution
		Debug|Any CPU = Debug|Any CPU
		Release|Any CPU = Release|Any CPU
	EndGlobalSection
	GlobalSection(ProjectConfigurationPlatforms) = postSolution
		{8490D82D-FD15-4767-B036-5E4E35C098A8}.Debug|Any CPU.ActiveCfg = Debug|Any CPU
		{8490D82D-FD15-4767-B036-5E4E35C098A8}.Debug|Any CPU.Build.0 = Debug|Any CPU
		{8490D82D-FD15-4767-B036-5E4E35C098A8}.Release|Any CPU.ActiveCfg = Release|Any CPU
		{8490D82D-FD15-4767-B036-5E4E35C098A8}.Release|Any CPU.Build.0 = Release|Any CPU
	EndGlobalSection
	GlobalSection(SolutionProperties) = preSolution
		HideSolutionNode = FALSE
	EndGlobalSection
	GlobalSection(ExtensibilityGlobals) = postSolution
		SolutionGuid = {F050F30A-045C-4F43-A7C1-B85EE32225CC}
	EndGlobalSection
EndGlobal
